// !$*UTF8*$!
{
	archiveVersion = 1;
	classes = {
	};
	objectVersion = 46;
	objects = {

/* Begin PBXBuildFile section */
		4A0AAA2C01E13189A8DF52F6 /* libPods-TodayLightWidget.a in Frameworks */ = {isa = PBXBuildFile; fileRef = C1DEB876378600CB68C93F98 /* libPods-TodayLightWidget.a */; };
		E4C2A2471ACA5CD90029E386 /* main.m in Sources */ = {isa = PBXBuildFile; fileRef = E4C2A2461ACA5CD90029E386 /* main.m */; };
		E4C2A24A1ACA5CD90029E386 /* AppDelegate.m in Sources */ = {isa = PBXBuildFile; fileRef = E4C2A2491ACA5CD90029E386 /* AppDelegate.m */; };
		E4C2A24D1ACA5CD90029E386 /* ViewController.m in Sources */ = {isa = PBXBuildFile; fileRef = E4C2A24C1ACA5CD90029E386 /* ViewController.m */; };
		E4C2A2501ACA5CD90029E386 /* Main.storyboard in Resources */ = {isa = PBXBuildFile; fileRef = E4C2A24E1ACA5CD90029E386 /* Main.storyboard */; };
		E4C2A2521ACA5CD90029E386 /* Images.xcassets in Resources */ = {isa = PBXBuildFile; fileRef = E4C2A2511ACA5CD90029E386 /* Images.xcassets */; };
		E4C2A2551ACA5CD90029E386 /* LaunchScreen.xib in Resources */ = {isa = PBXBuildFile; fileRef = E4C2A2531ACA5CD90029E386 /* LaunchScreen.xib */; };
		E4C2A2611ACA5CD90029E386 /* TodayLightTests.m in Sources */ = {isa = PBXBuildFile; fileRef = E4C2A2601ACA5CD90029E386 /* TodayLightTests.m */; };
		E4C2A2711ACA5D9E0029E386 /* NotificationCenter.framework in Frameworks */ = {isa = PBXBuildFile; fileRef = E4C2A2701ACA5D9E0029E386 /* NotificationCenter.framework */; };
		E4C2A2771ACA5D9E0029E386 /* TodayViewController.m in Sources */ = {isa = PBXBuildFile; fileRef = E4C2A2761ACA5D9E0029E386 /* TodayViewController.m */; };
		E4C2A2791ACA5D9E0029E386 /* MainInterface.storyboard in Resources */ = {isa = PBXBuildFile; fileRef = E4C2A2781ACA5D9E0029E386 /* MainInterface.storyboard */; };
		E4C2A27C1ACA5D9E0029E386 /* TodayLightWidget.appex in Embed App Extensions */ = {isa = PBXBuildFile; fileRef = E4C2A26E1ACA5D9E0029E386 /* TodayLightWidget.appex */; settings = {ATTRIBUTES = (RemoveHeadersOnCopy, ); }; };
/* End PBXBuildFile section */

/* Begin PBXContainerItemProxy section */
		E4C2A25B1ACA5CD90029E386 /* PBXContainerItemProxy */ = {
			isa = PBXContainerItemProxy;
			containerPortal = E4C2A2391ACA5CD90029E386 /* Project object */;
			proxyType = 1;
			remoteGlobalIDString = E4C2A2401ACA5CD90029E386;
			remoteInfo = TodayLight;
		};
		E4C2A27A1ACA5D9E0029E386 /* PBXContainerItemProxy */ = {
			isa = PBXContainerItemProxy;
			containerPortal = E4C2A2391ACA5CD90029E386 /* Project object */;
			proxyType = 1;
			remoteGlobalIDString = E4C2A26D1ACA5D9E0029E386;
			remoteInfo = TodayLightWidget;
		};
/* End PBXContainerItemProxy section */

/* Begin PBXCopyFilesBuildPhase section */
		E4C2A2801ACA5D9E0029E386 /* Embed App Extensions */ = {
			isa = PBXCopyFilesBuildPhase;
			buildActionMask = 2147483647;
			dstPath = "";
			dstSubfolderSpec = 13;
			files = (
				E4C2A27C1ACA5D9E0029E386 /* TodayLightWidget.appex in Embed App Extensions */,
			);
			name = "Embed App Extensions";
			runOnlyForDeploymentPostprocessing = 0;
		};
/* End PBXCopyFilesBuildPhase section */

/* Begin PBXFileReference section */
		008D0D05C83612FCBAF4FFF3 /* Pods-TodayLightWidget.release.xcconfig */ = {isa = PBXFileReference; includeInIndex = 1; lastKnownFileType = text.xcconfig; name = "Pods-TodayLightWidget.release.xcconfig"; path = "Pods/Target Support Files/Pods-TodayLightWidget/Pods-TodayLightWidget.release.xcconfig"; sourceTree = "<group>"; };
		46C0DAF22FC5D4793B9F012C /* Pods-TodayLightWidget.debug.xcconfig */ = {isa = PBXFileReference; includeInIndex = 1; lastKnownFileType = text.xcconfig; name = "Pods-TodayLightWidget.debug.xcconfig"; path = "Pods/Target Support Files/Pods-TodayLightWidget/Pods-TodayLightWidget.debug.xcconfig"; sourceTree = "<group>"; };
		C1DEB876378600CB68C93F98 /* libPods-TodayLightWidget.a */ = {isa = PBXFileReference; explicitFileType = archive.ar; includeInIndex = 0; path = "libPods-TodayLightWidget.a"; sourceTree = BUILT_PRODUCTS_DIR; };
		E4C2A2411ACA5CD90029E386 /* TodayLight.app */ = {isa = PBXFileReference; explicitFileType = wrapper.application; includeInIndex = 0; path = TodayLight.app; sourceTree = BUILT_PRODUCTS_DIR; };
		E4C2A2451ACA5CD90029E386 /* Info.plist */ = {isa = PBXFileReference; lastKnownFileType = text.plist.xml; path = Info.plist; sourceTree = "<group>"; };
		E4C2A2461ACA5CD90029E386 /* main.m */ = {isa = PBXFileReference; lastKnownFileType = sourcecode.c.objc; path = main.m; sourceTree = "<group>"; };
		E4C2A2481ACA5CD90029E386 /* AppDelegate.h */ = {isa = PBXFileReference; lastKnownFileType = sourcecode.c.h; path = AppDelegate.h; sourceTree = "<group>"; };
		E4C2A2491ACA5CD90029E386 /* AppDelegate.m */ = {isa = PBXFileReference; lastKnownFileType = sourcecode.c.objc; path = AppDelegate.m; sourceTree = "<group>"; };
		E4C2A24B1ACA5CD90029E386 /* ViewController.h */ = {isa = PBXFileReference; lastKnownFileType = sourcecode.c.h; path = ViewController.h; sourceTree = "<group>"; };
		E4C2A24C1ACA5CD90029E386 /* ViewController.m */ = {isa = PBXFileReference; lastKnownFileType = sourcecode.c.objc; path = ViewController.m; sourceTree = "<group>"; };
		E4C2A24F1ACA5CD90029E386 /* Base */ = {isa = PBXFileReference; lastKnownFileType = file.storyboard; name = Base; path = Base.lproj/Main.storyboard; sourceTree = "<group>"; };
		E4C2A2511ACA5CD90029E386 /* Images.xcassets */ = {isa = PBXFileReference; lastKnownFileType = folder.assetcatalog; path = Images.xcassets; sourceTree = "<group>"; };
		E4C2A2541ACA5CD90029E386 /* Base */ = {isa = PBXFileReference; lastKnownFileType = file.xib; name = Base; path = Base.lproj/LaunchScreen.xib; sourceTree = "<group>"; };
		E4C2A25A1ACA5CD90029E386 /* TodayLightTests.xctest */ = {isa = PBXFileReference; explicitFileType = wrapper.cfbundle; includeInIndex = 0; path = TodayLightTests.xctest; sourceTree = BUILT_PRODUCTS_DIR; };
		E4C2A25F1ACA5CD90029E386 /* Info.plist */ = {isa = PBXFileReference; lastKnownFileType = text.plist.xml; path = Info.plist; sourceTree = "<group>"; };
		E4C2A2601ACA5CD90029E386 /* TodayLightTests.m */ = {isa = PBXFileReference; lastKnownFileType = sourcecode.c.objc; path = TodayLightTests.m; sourceTree = "<group>"; };
		E4C2A26E1ACA5D9E0029E386 /* TodayLightWidget.appex */ = {isa = PBXFileReference; explicitFileType = "wrapper.app-extension"; includeInIndex = 0; path = TodayLightWidget.appex; sourceTree = BUILT_PRODUCTS_DIR; };
		E4C2A2701ACA5D9E0029E386 /* NotificationCenter.framework */ = {isa = PBXFileReference; lastKnownFileType = wrapper.framework; name = NotificationCenter.framework; path = System/Library/Frameworks/NotificationCenter.framework; sourceTree = SDKROOT; };
		E4C2A2741ACA5D9E0029E386 /* Info.plist */ = {isa = PBXFileReference; lastKnownFileType = text.plist.xml; path = Info.plist; sourceTree = "<group>"; };
		E4C2A2751ACA5D9E0029E386 /* TodayViewController.h */ = {isa = PBXFileReference; lastKnownFileType = sourcecode.c.h; path = TodayViewController.h; sourceTree = "<group>"; };
		E4C2A2761ACA5D9E0029E386 /* TodayViewController.m */ = {isa = PBXFileReference; lastKnownFileType = sourcecode.c.objc; path = TodayViewController.m; sourceTree = "<group>"; };
		E4C2A2781ACA5D9E0029E386 /* MainInterface.storyboard */ = {isa = PBXFileReference; lastKnownFileType = file.storyboard; path = MainInterface.storyboard; sourceTree = "<group>"; };
/* End PBXFileReference section */

/* Begin PBXFrameworksBuildPhase section */
		E4C2A23E1ACA5CD90029E386 /* Frameworks */ = {
			isa = PBXFrameworksBuildPhase;
			buildActionMask = 2147483647;
			files = (
			);
			runOnlyForDeploymentPostprocessing = 0;
		};
		E4C2A2571ACA5CD90029E386 /* Frameworks */ = {
			isa = PBXFrameworksBuildPhase;
			buildActionMask = 2147483647;
			files = (
			);
			runOnlyForDeploymentPostprocessing = 0;
		};
		E4C2A26B1ACA5D9E0029E386 /* Frameworks */ = {
			isa = PBXFrameworksBuildPhase;
			buildActionMask = 2147483647;
			files = (
				E4C2A2711ACA5D9E0029E386 /* NotificationCenter.framework in Frameworks */,
				4A0AAA2C01E13189A8DF52F6 /* libPods-TodayLightWidget.a in Frameworks */,
			);
			runOnlyForDeploymentPostprocessing = 0;
		};
/* End PBXFrameworksBuildPhase section */

/* Begin PBXGroup section */
		51CEF39CD5F1C8ABF2519043 /* Pods */ = {
			isa = PBXGroup;
			children = (
				46C0DAF22FC5D4793B9F012C /* Pods-TodayLightWidget.debug.xcconfig */,
				008D0D05C83612FCBAF4FFF3 /* Pods-TodayLightWidget.release.xcconfig */,
			);
			name = Pods;
			sourceTree = "<group>";
		};
		E4C2A2381ACA5CD90029E386 = {
			isa = PBXGroup;
			children = (
				E4C2A2431ACA5CD90029E386 /* TodayLight */,
				E4C2A25D1ACA5CD90029E386 /* TodayLightTests */,
				E4C2A2721ACA5D9E0029E386 /* TodayLightWidget */,
				E4C2A26F1ACA5D9E0029E386 /* Frameworks */,
				E4C2A2421ACA5CD90029E386 /* Products */,
				51CEF39CD5F1C8ABF2519043 /* Pods */,
			);
			sourceTree = "<group>";
		};
		E4C2A2421ACA5CD90029E386 /* Products */ = {
			isa = PBXGroup;
			children = (
				E4C2A2411ACA5CD90029E386 /* TodayLight.app */,
				E4C2A25A1ACA5CD90029E386 /* TodayLightTests.xctest */,
				E4C2A26E1ACA5D9E0029E386 /* TodayLightWidget.appex */,
			);
			name = Products;
			sourceTree = "<group>";
		};
		E4C2A2431ACA5CD90029E386 /* TodayLight */ = {
			isa = PBXGroup;
			children = (
				E4C2A2481ACA5CD90029E386 /* AppDelegate.h */,
				E4C2A2491ACA5CD90029E386 /* AppDelegate.m */,
				E4C2A24B1ACA5CD90029E386 /* ViewController.h */,
				E4C2A24C1ACA5CD90029E386 /* ViewController.m */,
				E4C2A24E1ACA5CD90029E386 /* Main.storyboard */,
				E4C2A2511ACA5CD90029E386 /* Images.xcassets */,
				E4C2A2531ACA5CD90029E386 /* LaunchScreen.xib */,
				E4C2A2441ACA5CD90029E386 /* Supporting Files */,
			);
			path = TodayLight;
			sourceTree = "<group>";
		};
		E4C2A2441ACA5CD90029E386 /* Supporting Files */ = {
			isa = PBXGroup;
			children = (
				E4C2A2451ACA5CD90029E386 /* Info.plist */,
				E4C2A2461ACA5CD90029E386 /* main.m */,
			);
			name = "Supporting Files";
			sourceTree = "<group>";
		};
		E4C2A25D1ACA5CD90029E386 /* TodayLightTests */ = {
			isa = PBXGroup;
			children = (
				E4C2A2601ACA5CD90029E386 /* TodayLightTests.m */,
				E4C2A25E1ACA5CD90029E386 /* Supporting Files */,
			);
			path = TodayLightTests;
			sourceTree = "<group>";
		};
		E4C2A25E1ACA5CD90029E386 /* Supporting Files */ = {
			isa = PBXGroup;
			children = (
				E4C2A25F1ACA5CD90029E386 /* Info.plist */,
			);
			name = "Supporting Files";
			sourceTree = "<group>";
		};
		E4C2A26F1ACA5D9E0029E386 /* Frameworks */ = {
			isa = PBXGroup;
			children = (
				E4C2A2701ACA5D9E0029E386 /* NotificationCenter.framework */,
				C1DEB876378600CB68C93F98 /* libPods-TodayLightWidget.a */,
			);
			name = Frameworks;
			sourceTree = "<group>";
		};
		E4C2A2721ACA5D9E0029E386 /* TodayLightWidget */ = {
			isa = PBXGroup;
			children = (
				E4C2A2751ACA5D9E0029E386 /* TodayViewController.h */,
				E4C2A2761ACA5D9E0029E386 /* TodayViewController.m */,
				E4C2A2781ACA5D9E0029E386 /* MainInterface.storyboard */,
				E4C2A2731ACA5D9E0029E386 /* Supporting Files */,
			);
			path = TodayLightWidget;
			sourceTree = "<group>";
		};
		E4C2A2731ACA5D9E0029E386 /* Supporting Files */ = {
			isa = PBXGroup;
			children = (
				E4C2A2741ACA5D9E0029E386 /* Info.plist */,
			);
			name = "Supporting Files";
			sourceTree = "<group>";
		};
/* End PBXGroup section */

/* Begin PBXNativeTarget section */
		E4C2A2401ACA5CD90029E386 /* TodayLight */ = {
			isa = PBXNativeTarget;
			buildConfigurationList = E4C2A2641ACA5CD90029E386 /* Build configuration list for PBXNativeTarget "TodayLight" */;
			buildPhases = (
				E4C2A23D1ACA5CD90029E386 /* Sources */,
				E4C2A23E1ACA5CD90029E386 /* Frameworks */,
				E4C2A23F1ACA5CD90029E386 /* Resources */,
				E4C2A2801ACA5D9E0029E386 /* Embed App Extensions */,
			);
			buildRules = (
			);
			dependencies = (
				E4C2A27B1ACA5D9E0029E386 /* PBXTargetDependency */,
			);
			name = TodayLight;
			productName = TodayLight;
			productReference = E4C2A2411ACA5CD90029E386 /* TodayLight.app */;
			productType = "com.apple.product-type.application";
		};
		E4C2A2591ACA5CD90029E386 /* TodayLightTests */ = {
			isa = PBXNativeTarget;
			buildConfigurationList = E4C2A2671ACA5CD90029E386 /* Build configuration list for PBXNativeTarget "TodayLightTests" */;
			buildPhases = (
				E4C2A2561ACA5CD90029E386 /* Sources */,
				E4C2A2571ACA5CD90029E386 /* Frameworks */,
				E4C2A2581ACA5CD90029E386 /* Resources */,
			);
			buildRules = (
			);
			dependencies = (
				E4C2A25C1ACA5CD90029E386 /* PBXTargetDependency */,
			);
			name = TodayLightTests;
			productName = TodayLightTests;
			productReference = E4C2A25A1ACA5CD90029E386 /* TodayLightTests.xctest */;
			productType = "com.apple.product-type.bundle.unit-test";
		};
		E4C2A26D1ACA5D9E0029E386 /* TodayLightWidget */ = {
			isa = PBXNativeTarget;
			buildConfigurationList = E4C2A27D1ACA5D9E0029E386 /* Build configuration list for PBXNativeTarget "TodayLightWidget" */;
			buildPhases = (
				16CED30B7FC32A58E7901D50 /* Check Pods Manifest.lock */,
				E4C2A26A1ACA5D9E0029E386 /* Sources */,
				E4C2A26B1ACA5D9E0029E386 /* Frameworks */,
				E4C2A26C1ACA5D9E0029E386 /* Resources */,
				06DCF4D47BA5FD457BA3267B /* Copy Pods Resources */,
			);
			buildRules = (
			);
			dependencies = (
			);
			name = TodayLightWidget;
			productName = TodayLightWidget;
			productReference = E4C2A26E1ACA5D9E0029E386 /* TodayLightWidget.appex */;
			productType = "com.apple.product-type.app-extension";
		};
/* End PBXNativeTarget section */

/* Begin PBXProject section */
		E4C2A2391ACA5CD90029E386 /* Project object */ = {
			isa = PBXProject;
			attributes = {
				LastUpgradeCheck = 0620;
				ORGANIZATIONNAME = "Theo Spears";
				TargetAttributes = {
					E4C2A2401ACA5CD90029E386 = {
						CreatedOnToolsVersion = 6.2;
					};
					E4C2A2591ACA5CD90029E386 = {
						CreatedOnToolsVersion = 6.2;
						TestTargetID = E4C2A2401ACA5CD90029E386;
					};
					E4C2A26D1ACA5D9E0029E386 = {
						CreatedOnToolsVersion = 6.2;
					};
				};
			};
			buildConfigurationList = E4C2A23C1ACA5CD90029E386 /* Build configuration list for PBXProject "TodayLight" */;
			compatibilityVersion = "Xcode 3.2";
			developmentRegion = English;
			hasScannedForEncodings = 0;
			knownRegions = (
				en,
				Base,
			);
			mainGroup = E4C2A2381ACA5CD90029E386;
			productRefGroup = E4C2A2421ACA5CD90029E386 /* Products */;
			projectDirPath = "";
			projectRoot = "";
			targets = (
				E4C2A2401ACA5CD90029E386 /* TodayLight */,
				E4C2A2591ACA5CD90029E386 /* TodayLightTests */,
				E4C2A26D1ACA5D9E0029E386 /* TodayLightWidget */,
			);
		};
/* End PBXProject section */

/* Begin PBXResourcesBuildPhase section */
		E4C2A23F1ACA5CD90029E386 /* Resources */ = {
			isa = PBXResourcesBuildPhase;
			buildActionMask = 2147483647;
			files = (
				E4C2A2501ACA5CD90029E386 /* Main.storyboard in Resources */,
				E4C2A2551ACA5CD90029E386 /* LaunchScreen.xib in Resources */,
				E4C2A2521ACA5CD90029E386 /* Images.xcassets in Resources */,
			);
			runOnlyForDeploymentPostprocessing = 0;
		};
		E4C2A2581ACA5CD90029E386 /* Resources */ = {
			isa = PBXResourcesBuildPhase;
			buildActionMask = 2147483647;
			files = (
			);
			runOnlyForDeploymentPostprocessing = 0;
		};
		E4C2A26C1ACA5D9E0029E386 /* Resources */ = {
			isa = PBXResourcesBuildPhase;
			buildActionMask = 2147483647;
			files = (
				E4C2A2791ACA5D9E0029E386 /* MainInterface.storyboard in Resources */,
			);
			runOnlyForDeploymentPostprocessing = 0;
		};
/* End PBXResourcesBuildPhase section */

/* Begin PBXShellScriptBuildPhase section */
		06DCF4D47BA5FD457BA3267B /* Copy Pods Resources */ = {
			isa = PBXShellScriptBuildPhase;
			buildActionMask = 2147483647;
			files = (
			);
			inputPaths = (
			);
			name = "Copy Pods Resources";
			outputPaths = (
			);
			runOnlyForDeploymentPostprocessing = 0;
			shellPath = /bin/sh;
			shellScript = "\"${SRCROOT}/Pods/Target Support Files/Pods-TodayLightWidget/Pods-TodayLightWidget-resources.sh\"\n";
			showEnvVarsInLog = 0;
		};
		16CED30B7FC32A58E7901D50 /* Check Pods Manifest.lock */ = {
			isa = PBXShellScriptBuildPhase;
			buildActionMask = 2147483647;
			files = (
			);
			inputPaths = (
			);
			name = "Check Pods Manifest.lock";
			outputPaths = (
			);
			runOnlyForDeploymentPostprocessing = 0;
			shellPath = /bin/sh;
			shellScript = "diff \"${PODS_ROOT}/../Podfile.lock\" \"${PODS_ROOT}/Manifest.lock\" > /dev/null\nif [[ $? != 0 ]] ; then\n    cat << EOM\nerror: The sandbox is not in sync with the Podfile.lock. Run 'pod install' or update your CocoaPods installation.\nEOM\n    exit 1\nfi\n";
			showEnvVarsInLog = 0;
		};
/* End PBXShellScriptBuildPhase section */

/* Begin PBXSourcesBuildPhase section */
		E4C2A23D1ACA5CD90029E386 /* Sources */ = {
			isa = PBXSourcesBuildPhase;
			buildActionMask = 2147483647;
			files = (
				E4C2A24D1ACA5CD90029E386 /* ViewController.m in Sources */,
				E4C2A24A1ACA5CD90029E386 /* AppDelegate.m in Sources */,
				E4C2A2471ACA5CD90029E386 /* main.m in Sources */,
			);
			runOnlyForDeploymentPostprocessing = 0;
		};
		E4C2A2561ACA5CD90029E386 /* Sources */ = {
			isa = PBXSourcesBuildPhase;
			buildActionMask = 2147483647;
			files = (
				E4C2A2611ACA5CD90029E386 /* TodayLightTests.m in Sources */,
			);
			runOnlyForDeploymentPostprocessing = 0;
		};
		E4C2A26A1ACA5D9E0029E386 /* Sources */ = {
			isa = PBXSourcesBuildPhase;
			buildActionMask = 2147483647;
			files = (
				E4C2A2771ACA5D9E0029E386 /* TodayViewController.m in Sources */,
			);
			runOnlyForDeploymentPostprocessing = 0;
		};
/* End PBXSourcesBuildPhase section */

/* Begin PBXTargetDependency section */
		E4C2A25C1ACA5CD90029E386 /* PBXTargetDependency */ = {
			isa = PBXTargetDependency;
			target = E4C2A2401ACA5CD90029E386 /* TodayLight */;
			targetProxy = E4C2A25B1ACA5CD90029E386 /* PBXContainerItemProxy */;
		};
		E4C2A27B1ACA5D9E0029E386 /* PBXTargetDependency */ = {
			isa = PBXTargetDependency;
			target = E4C2A26D1ACA5D9E0029E386 /* TodayLightWidget */;
			targetProxy = E4C2A27A1ACA5D9E0029E386 /* PBXContainerItemProxy */;
		};
/* End PBXTargetDependency section */

/* Begin PBXVariantGroup section */
		E4C2A24E1ACA5CD90029E386 /* Main.storyboard */ = {
			isa = PBXVariantGroup;
			children = (
				E4C2A24F1ACA5CD90029E386 /* Base */,
			);
			name = Main.storyboard;
			sourceTree = "<group>";
		};
		E4C2A2531ACA5CD90029E386 /* LaunchScreen.xib */ = {
			isa = PBXVariantGroup;
			children = (
				E4C2A2541ACA5CD90029E386 /* Base */,
			);
			name = LaunchScreen.xib;
			sourceTree = "<group>";
		};
/* End PBXVariantGroup section */

/* Begin XCBuildConfiguration section */
		E4C2A2621ACA5CD90029E386 /* Debug */ = {
			isa = XCBuildConfiguration;
			buildSettings = {
				ALWAYS_SEARCH_USER_PATHS = NO;
				CLANG_CXX_LANGUAGE_STANDARD = "gnu++0x";
				CLANG_CXX_LIBRARY = "libc++";
				CLANG_ENABLE_MODULES = YES;
				CLANG_ENABLE_OBJC_ARC = YES;
				CLANG_WARN_BOOL_CONVERSION = YES;
				CLANG_WARN_CONSTANT_CONVERSION = YES;
				CLANG_WARN_DIRECT_OBJC_ISA_USAGE = YES_ERROR;
				CLANG_WARN_EMPTY_BODY = YES;
				CLANG_WARN_ENUM_CONVERSION = YES;
				CLANG_WARN_INT_CONVERSION = YES;
				CLANG_WARN_OBJC_ROOT_CLASS = YES_ERROR;
				CLANG_WARN_UNREACHABLE_CODE = YES;
				CLANG_WARN__DUPLICATE_METHOD_MATCH = YES;
				"CODE_SIGN_IDENTITY[sdk=iphoneos*]" = "iPhone Developer";
				COPY_PHASE_STRIP = NO;
				ENABLE_STRICT_OBJC_MSGSEND = YES;
				GCC_C_LANGUAGE_STANDARD = gnu99;
				GCC_DYNAMIC_NO_PIC = NO;
				GCC_OPTIMIZATION_LEVEL = 0;
				GCC_PREPROCESSOR_DEFINITIONS = (
					"DEBUG=1",
					"$(inherited)",
				);
				GCC_SYMBOLS_PRIVATE_EXTERN = NO;
				GCC_WARN_64_TO_32_BIT_CONVERSION = YES;
				GCC_WARN_ABOUT_RETURN_TYPE = YES_ERROR;
				GCC_WARN_UNDECLARED_SELECTOR = YES;
				GCC_WARN_UNINITIALIZED_AUTOS = YES_AGGRESSIVE;
				GCC_WARN_UNUSED_FUNCTION = YES;
				GCC_WARN_UNUSED_VARIABLE = YES;
				IPHONEOS_DEPLOYMENT_TARGET = 8.2;
				MTL_ENABLE_DEBUG_INFO = YES;
				ONLY_ACTIVE_ARCH = YES;
				SDKROOT = iphoneos;
			};
			name = Debug;
		};
		E4C2A2631ACA5CD90029E386 /* Release */ = {
			isa = XCBuildConfiguration;
			buildSettings = {
				ALWAYS_SEARCH_USER_PATHS = NO;
				CLANG_CXX_LANGUAGE_STANDARD = "gnu++0x";
				CLANG_CXX_LIBRARY = "libc++";
				CLANG_ENABLE_MODULES = YES;
				CLANG_ENABLE_OBJC_ARC = YES;
				CLANG_WARN_BOOL_CONVERSION = YES;
				CLANG_WARN_CONSTANT_CONVERSION = YES;
				CLANG_WARN_DIRECT_OBJC_ISA_USAGE = YES_ERROR;
				CLANG_WARN_EMPTY_BODY = YES;
				CLANG_WARN_ENUM_CONVERSION = YES;
				CLANG_WARN_INT_CONVERSION = YES;
				CLANG_WARN_OBJC_ROOT_CLASS = YES_ERROR;
				CLANG_WARN_UNREACHABLE_CODE = YES;
				CLANG_WARN__DUPLICATE_METHOD_MATCH = YES;
				"CODE_SIGN_IDENTITY[sdk=iphoneos*]" = "iPhone Developer";
				COPY_PHASE_STRIP = NO;
				ENABLE_NS_ASSERTIONS = NO;
				ENABLE_STRICT_OBJC_MSGSEND = YES;
				GCC_C_LANGUAGE_STANDARD = gnu99;
				GCC_WARN_64_TO_32_BIT_CONVERSION = YES;
				GCC_WARN_ABOUT_RETURN_TYPE = YES_ERROR;
				GCC_WARN_UNDECLARED_SELECTOR = YES;
				GCC_WARN_UNINITIALIZED_AUTOS = YES_AGGRESSIVE;
				GCC_WARN_UNUSED_FUNCTION = YES;
				GCC_WARN_UNUSED_VARIABLE = YES;
				IPHONEOS_DEPLOYMENT_TARGET = 8.2;
				MTL_ENABLE_DEBUG_INFO = NO;
				SDKROOT = iphoneos;
				VALIDATE_PRODUCT = YES;
			};
			name = Release;
		};
		E4C2A2651ACA5CD90029E386 /* Debug */ = {
			isa = XCBuildConfiguration;
			buildSettings = {
				ASSETCATALOG_COMPILER_APPICON_NAME = AppIcon;
				INFOPLIST_FILE = TodayLight/Info.plist;
				LD_RUNPATH_SEARCH_PATHS = "$(inherited) @executable_path/Frameworks";
				PRODUCT_NAME = "$(TARGET_NAME)";
			};
			name = Debug;
		};
		E4C2A2661ACA5CD90029E386 /* Release */ = {
			isa = XCBuildConfiguration;
			buildSettings = {
				ASSETCATALOG_COMPILER_APPICON_NAME = AppIcon;
				INFOPLIST_FILE = TodayLight/Info.plist;
				LD_RUNPATH_SEARCH_PATHS = "$(inherited) @executable_path/Frameworks";
				PRODUCT_NAME = "$(TARGET_NAME)";
			};
			name = Release;
		};
		E4C2A2681ACA5CD90029E386 /* Debug */ = {
			isa = XCBuildConfiguration;
			buildSettings = {
				BUNDLE_LOADER = "$(TEST_HOST)";
				FRAMEWORK_SEARCH_PATHS = (
					"$(SDKROOT)/Developer/Library/Frameworks",
					"$(inherited)",
				);
				GCC_PREPROCESSOR_DEFINITIONS = (
					"DEBUG=1",
					"$(inherited)",
				);
				INFOPLIST_FILE = TodayLightTests/Info.plist;
				LD_RUNPATH_SEARCH_PATHS = "$(inherited) @executable_path/Frameworks @loader_path/Frameworks";
				PRODUCT_NAME = "$(TARGET_NAME)";
				TEST_HOST = "$(BUILT_PRODUCTS_DIR)/TodayLight.app/TodayLight";
			};
			name = Debug;
		};
		E4C2A2691ACA5CD90029E386 /* Release */ = {
			isa = XCBuildConfiguration;
			buildSettings = {
				BUNDLE_LOADER = "$(TEST_HOST)";
				FRAMEWORK_SEARCH_PATHS = (
					"$(SDKROOT)/Developer/Library/Frameworks",
					"$(inherited)",
				);
				INFOPLIST_FILE = TodayLightTests/Info.plist;
				LD_RUNPATH_SEARCH_PATHS = "$(inherited) @executable_path/Frameworks @loader_path/Frameworks";
				PRODUCT_NAME = "$(TARGET_NAME)";
				TEST_HOST = "$(BUILT_PRODUCTS_DIR)/TodayLight.app/TodayLight";
			};
			name = Release;
		};
		E4C2A27E1ACA5D9E0029E386 /* Debug */ = {
			isa = XCBuildConfiguration;
			baseConfigurationReference = 46C0DAF22FC5D4793B9F012C /* Pods-TodayLightWidget.debug.xcconfig */;
			buildSettings = {
				GCC_PREPROCESSOR_DEFINITIONS = (
					"DEBUG=1",
					"$(inherited)",
				);
				INFOPLIST_FILE = TodayLightWidget/Info.plist;
				LD_RUNPATH_SEARCH_PATHS = "$(inherited) @executable_path/Frameworks @executable_path/../../Frameworks";
				PRODUCT_NAME = "$(TARGET_NAME)";
				SKIP_INSTALL = YES;
			};
			name = Debug;
		};
		E4C2A27F1ACA5D9E0029E386 /* Release */ = {
			isa = XCBuildConfiguration;
			baseConfigurationReference = 008D0D05C83612FCBAF4FFF3 /* Pods-TodayLightWidget.release.xcconfig */;
			buildSettings = {
				INFOPLIST_FILE = TodayLightWidget/Info.plist;
				LD_RUNPATH_SEARCH_PATHS = "$(inherited) @executable_path/Frameworks @executable_path/../../Frameworks";
				PRODUCT_NAME = "$(TARGET_NAME)";
				SKIP_INSTALL = YES;
			};
			name = Release;
		};
/* End XCBuildConfiguration section */

/* Begin XCConfigurationList section */
		E4C2A23C1ACA5CD90029E386 /* Build configuration list for PBXProject "TodayLight" */ = {
			isa = XCConfigurationList;
			buildConfigurations = (
				E4C2A2621ACA5CD90029E386 /* Debug */,
				E4C2A2631ACA5CD90029E386 /* Release */,
			);
			defaultConfigurationIsVisible = 0;
			defaultConfigurationName = Release;
		};
		E4C2A2641ACA5CD90029E386 /* Build configuration list for PBXNativeTarget "TodayLight" */ = {
			isa = XCConfigurationList;
			buildConfigurations = (
				E4C2A2651ACA5CD90029E386 /* Debug */,
				E4C2A2661ACA5CD90029E386 /* Release */,
			);
			defaultConfigurationIsVisible = 0;
			defaultConfigurationName = Release;
		};
		E4C2A2671ACA5CD90029E386 /* Build configuration list for PBXNativeTarget "TodayLightTests" */ = {
			isa = XCConfigurationList;
			buildConfigurations = (
				E4C2A2681ACA5CD90029E386 /* Debug */,
				E4C2A2691ACA5CD90029E386 /* Release */,
			);
			defaultConfigurationIsVisible = 0;
			defaultConfigurationName = Release;
		};
		E4C2A27D1ACA5D9E0029E386 /* Build configuration list for PBXNativeTarget "TodayLightWidget" */ = {
			isa = XCConfigurationList;
			buildConfigurations = (
				E4C2A27E1ACA5D9E0029E386 /* Debug */,
				E4C2A27F1ACA5D9E0029E386 /* Release */,
			);
			defaultConfigurationIsVisible = 0;
			defaultConfigurationName = Release;
		};
/* End XCConfigurationList section */
	};
	rootObject = E4C2A2391ACA5CD90029E386 /* Project object */;
}
